
Microsoft Visual Studio Solution File, Format Version 12.00
# Visual Studio Version 17
VisualStudioVersion = 17.2.32630.192
MinimumVisualStudioVersion = 10.0.40219.1
Project("{FAE04EC0-301F-11D3-BF4B-00C04F79EFBC}") = "Rent_Car_Api", "Rent_Car_Api\Rent_Car_Api.csproj", "{F6954EBB-7494-43FB-8E52-11BD86C4FCF2}"
EndProject
Project("{FAE04EC0-301F-11D3-BF4B-00C04F79EFBC}") = "EFDataAccess", "EFDataAccess\EFDataAccess.csproj", "{A2AE9C2C-4739-44CB-8E32-5B1DE8906818}"
EndProject
Global
	GlobalSection(SolutionConfigurationPlatforms) = preSolution
		Debug|Any CPU = Debug|Any CPU
		Release|Any CPU = Release|Any CPU
	EndGlobalSection
	GlobalSection(ProjectConfigurationPlatforms) = postSolution
		{F6954EBB-7494-43FB-8E52-11BD86C4FCF2}.Debug|Any CPU.ActiveCfg = Debug|Any CPU
		{F6954EBB-7494-43FB-8E52-11BD86C4FCF2}.Debug|Any CPU.Build.0 = Debug|Any CPU
		{F6954EBB-7494-43FB-8E52-11BD86C4FCF2}.Release|Any CPU.ActiveCfg = Release|Any CPU
		{F6954EBB-7494-43FB-8E52-11BD86C4FCF2}.Release|Any CPU.Build.0 = Release|Any CPU
		{A2AE9C2C-4739-44CB-8E32-5B1DE8906818}.Debug|Any CPU.ActiveCfg = Debug|Any CPU
		{A2AE9C2C-4739-44CB-8E32-5B1DE8906818}.Debug|Any CPU.Build.0 = Debug|Any CPU
		{A2AE9C2C-4739-44CB-8E32-5B1DE8906818}.Release|Any CPU.ActiveCfg = Release|Any CPU
		{A2AE9C2C-4739-44CB-8E32-5B1DE8906818}.Release|Any CPU.Build.0 = Release|Any CPU
	EndGlobalSection
	GlobalSection(SolutionProperties) = preSolution
		HideSolutionNode = FALSE
	EndGlobalSection
	GlobalSection(ExtensibilityGlobals) = postSolution
		SolutionGuid = {0D633577-0ABA-4EFA-ACB7-BBA2E438B74C}
	EndGlobalSection
EndGlobal
